
Microsoft Visual Studio Solution File, Format Version 12.00
# Visual Studio 15
VisualStudioVersion = 15.0.27004.2010
MinimumVisualStudioVersion = 10.0.40219.1
Project("{FAE04EC0-301F-11D3-BF4B-00C04F79EFBC}") = "LabiContinuousReading", "LabiContinuousReading\LabiContinuousReading.csproj", "{BE636F27-3D68-4E38-A967-BB1F4CC5B78B}"
EndProject
Global
	GlobalSection(SolutionConfigurationPlatforms) = preSolution
		Debug|Any CPU = Debug|Any CPU
		Release|Any CPU = Release|Any CPU
	EndGlobalSection
	GlobalSection(ProjectConfigurationPlatforms) = postSolution
		{BE636F27-3D68-4E38-A967-BB1F4CC5B78B}.Debug|Any CPU.ActiveCfg = Debug|Any CPU
		{BE636F27-3D68-4E38-A967-BB1F4CC5B78B}.Debug|Any CPU.Build.0 = Debug|Any CPU
		{BE636F27-3D68-4E38-A967-BB1F4CC5B78B}.Release|Any CPU.ActiveCfg = Release|Any CPU
		{BE636F27-3D68-4E38-A967-BB1F4CC5B78B}.Release|Any CPU.Build.0 = Release|Any CPU
	EndGlobalSection
	GlobalSection(SolutionProperties) = preSolution
		HideSolutionNode = FALSE
	EndGlobalSection
	GlobalSection(ExtensibilityGlobals) = postSolution
		SolutionGuid = {57B0AD3B-93E0-4CEA-9CBB-10E775184ECD}
	EndGlobalSection
EndGlobal
